
Microsoft Visual Studio Solution File, Format Version 12.00
# Visual Studio 15
VisualStudioVersion = 15.0.28307.168
MinimumVisualStudioVersion = 10.0.40219.1
Project("{FAE04EC0-301F-11D3-BF4B-00C04F79EFBC}") = "TravelRecordApp.Android", "TravelRecordApp\TravelRecordApp.Android\TravelRecordApp.Android.csproj", "{5EFA212C-38D0-4334-9121-9D8875CA3EAC}"
EndProject
Project("{FAE04EC0-301F-11D3-BF4B-00C04F79EFBC}") = "TravelRecordApp.iOS", "TravelRecordApp\TravelRecordApp.iOS\TravelRecordApp.iOS.csproj", "{C6125BE6-09B5-4E5F-99D4-33FADB22D6D1}"
EndProject
Project("{FAE04EC0-301F-11D3-BF4B-00C04F79EFBC}") = "TravelRecordApp.UWP", "TravelRecordApp\TravelRecordApp.UWP\TravelRecordApp.UWP.csproj", "{6D3BD037-3E7C-4411-8C34-3D68B3788B45}"
EndProject
Project("{FAE04EC0-301F-11D3-BF4B-00C04F79EFBC}") = "TravelRecordApp", "TravelRecordApp\TravelRecordApp\TravelRecordApp.csproj", "{3A24923C-3CE0-47EC-9A65-505C2EC04779}"
EndProject
Global
	GlobalSection(SolutionConfigurationPlatforms) = preSolution
		Ad-Hoc|Any CPU = Ad-Hoc|Any CPU
		Ad-Hoc|ARM = Ad-Hoc|ARM
		Ad-Hoc|iPhone = Ad-Hoc|iPhone
		Ad-Hoc|iPhoneSimulator = Ad-Hoc|iPhoneSimulator
		Ad-Hoc|x64 = Ad-Hoc|x64
		Ad-Hoc|x86 = Ad-Hoc|x86
		AppStore|Any CPU = AppStore|Any CPU
		AppStore|ARM = AppStore|ARM
		AppStore|iPhone = AppStore|iPhone
		AppStore|iPhoneSimulator = AppStore|iPhoneSimulator
		AppStore|x64 = AppStore|x64
		AppStore|x86 = AppStore|x86
		Debug|Any CPU = Debug|Any CPU
		Debug|ARM = Debug|ARM
		Debug|iPhone = Debug|iPhone
		Debug|iPhoneSimulator = Debug|iPhoneSimulator
		Debug|x64 = Debug|x64
		Debug|x86 = Debug|x86
		Release|Any CPU = Release|Any CPU
		Release|ARM = Release|ARM
		Release|iPhone = Release|iPhone
		Release|iPhoneSimulator = Release|iPhoneSimulator
		Release|x64 = Release|x64
		Release|x86 = Release|x86
	EndGlobalSection
	GlobalSection(ProjectConfigurationPlatforms) = postSolution
		{5EFA212C-38D0-4334-9121-9D8875CA3EAC}.Ad-Hoc|Any CPU.ActiveCfg = Release|Any CPU
		{5EFA212C-38D0-4334-9121-9D8875CA3EAC}.Ad-Hoc|Any CPU.Build.0 = Release|Any CPU
		{5EFA212C-38D0-4334-9121-9D8875CA3EAC}.Ad-Hoc|Any CPU.Deploy.0 = Release|Any CPU
		{5EFA212C-38D0-4334-9121-9D8875CA3EAC}.Ad-Hoc|ARM.ActiveCfg = Release|Any CPU
		{5EFA212C-38D0-4334-9121-9D8875CA3EAC}.Ad-Hoc|ARM.Build.0 = Release|Any CPU
		{5EFA212C-38D0-4334-9121-9D8875CA3EAC}.Ad-Hoc|ARM.Deploy.0 = Release|Any CPU
		{5EFA212C-38D0-4334-9121-9D8875CA3EAC}.Ad-Hoc|iPhone.ActiveCfg = Release|Any CPU
		{5EFA212C-38D0-4334-9121-9D8875CA3EAC}.Ad-Hoc|iPhone.Build.0 = Release|Any CPU
		{5EFA212C-38D0-4334-9121-9D8875CA3EAC}.Ad-Hoc|iPhone.Deploy.0 = Release|Any CPU
		{5EFA212C-38D0-4334-9121-9D8875CA3EAC}.Ad-Hoc|iPhoneSimulator.ActiveCfg = Release|Any CPU
		{5EFA212C-38D0-4334-9121-9D8875CA3EAC}.Ad-Hoc|iPhoneSimulator.Build.0 = Release|Any CPU
		{5EFA212C-38D0-4334-9121-9D8875CA3EAC}.Ad-Hoc|iPhoneSimulator.Deploy.0 = Release|Any CPU
		{5EFA212C-38D0-4334-9121-9D8875CA3EAC}.Ad-Hoc|x64.ActiveCfg = Release|Any CPU
		{5EFA212C-38D0-4334-9121-9D8875CA3EAC}.Ad-Hoc|x64.Build.0 = Release|Any CPU
		{5EFA212C-38D0-4334-9121-9D8875CA3EAC}.Ad-Hoc|x64.Deploy.0 = Release|Any CPU
		{5EFA212C-38D0-4334-9121-9D8875CA3EAC}.Ad-Hoc|x86.ActiveCfg = Release|Any CPU
		{5EFA212C-38D0-4334-9121-9D8875CA3EAC}.Ad-Hoc|x86.Build.0 = Release|Any CPU
		{5EFA212C-38D0-4334-9121-9D8875CA3EAC}.Ad-Hoc|x86.Deploy.0 = Release|Any CPU
		{5EFA212C-38D0-4334-9121-9D8875CA3EAC}.AppStore|Any CPU.ActiveCfg = Release|Any CPU
		{5EFA212C-38D0-4334-9121-9D8875CA3EAC}.AppStore|Any CPU.Build.0 = Release|Any CPU
		{5EFA212C-38D0-4334-9121-9D8875CA3EAC}.AppStore|Any CPU.Deploy.0 = Release|Any CPU
		{5EFA212C-38D0-4334-9121-9D8875CA3EAC}.AppStore|ARM.ActiveCfg = Release|Any CPU
		{5EFA212C-38D0-4334-9121-9D8875CA3EAC}.AppStore|ARM.Build.0 = Release|Any CPU
		{5EFA212C-38D0-4334-9121-9D8875CA3EAC}.AppStore|ARM.Deploy.0 = Release|Any CPU
		{5EFA212C-38D0-4334-9121-9D8875CA3EAC}.AppStore|iPhone.ActiveCfg = Release|Any CPU
		{5EFA212C-38D0-4334-9121-9D8875CA3EAC}.AppStore|iPhone.Build.0 = Release|Any CPU
		{5EFA212C-38D0-4334-9121-9D8875CA3EAC}.AppStore|iPhone.Deploy.0 = Release|Any CPU
		{5EFA212C-38D0-4334-9121-9D8875CA3EAC}.AppStore|iPhoneSimulator.ActiveCfg = Release|Any CPU
		{5EFA212C-38D0-4334-9121-9D8875CA3EAC}.AppStore|iPhoneSimulator.Build.0 = Release|Any CPU
		{5EFA212C-38D0-4334-9121-9D8875CA3EAC}.AppStore|iPhoneSimulator.Deploy.0 = Release|Any CPU
		{5EFA212C-38D0-4334-9121-9D8875CA3EAC}.AppStore|x64.ActiveCfg = Release|Any CPU
		{5EFA212C-38D0-4334-9121-9D8875CA3EAC}.AppStore|x64.Build.0 = Release|Any CPU
		{5EFA212C-38D0-4334-9121-9D8875CA3EAC}.AppStore|x64.Deploy.0 = Release|Any CPU
		{5EFA212C-38D0-4334-9121-9D8875CA3EAC}.AppStore|x86.ActiveCfg = Release|Any CPU
		{5EFA212C-38D0-4334-9121-9D8875CA3EAC}.AppStore|x86.Build.0 = Release|Any CPU
		{5EFA212C-38D0-4334-9121-9D8875CA3EAC}.AppStore|x86.Deploy.0 = Release|Any CPU
		{5EFA212C-38D0-4334-9121-9D8875CA3EAC}.Debug|Any CPU.ActiveCfg = Debug|Any CPU
		{5EFA212C-38D0-4334-9121-9D8875CA3EAC}.Debug|Any CPU.Build.0 = Debug|Any CPU
		{5EFA212C-38D0-4334-9121-9D8875CA3EAC}.Debug|Any CPU.Deploy.0 = Debug|Any CPU
		{5EFA212C-38D0-4334-9121-9D8875CA3EAC}.Debug|ARM.ActiveCfg = Debug|Any CPU
		{5EFA212C-38D0-4334-9121-9D8875CA3EAC}.Debug|ARM.Build.0 = Debug|Any CPU
		{5EFA212C-38D0-4334-9121-9D8875CA3EAC}.Debug|ARM.Deploy.0 = Debug|Any CPU
		{5EFA212C-38D0-4334-9121-9D8875CA3EAC}.Debug|iPhone.ActiveCfg = Debug|Any CPU
		{5EFA212C-38D0-4334-9121-9D8875CA3EAC}.Debug|iPhone.Build.0 = Debug|Any CPU
		{5EFA212C-38D0-4334-9121-9D8875CA3EAC}.Debug|iPhone.Deploy.0 = Debug|Any CPU
		{5EFA212C-38D0-4334-9121-9D8875CA3EAC}.Debug|iPhoneSimulator.ActiveCfg = Debug|Any CPU
		{5EFA212C-38D0-4334-9121-9D8875CA3EAC}.Debug|iPhoneSimulator.Build.0 = Debug|Any CPU
		{5EFA212C-38D0-4334-9121-9D8875CA3EAC}.Debug|iPhoneSimulator.Deploy.0 = Debug|Any CPU
		{5EFA212C-38D0-4334-9121-9D8875CA3EAC}.Debug|x64.ActiveCfg = Debug|Any CPU
		{5EFA212C-38D0-4334-9121-9D8875CA3EAC}.Debug|x64.Build.0 = Debug|Any CPU
		{5EFA212C-38D0-4334-9121-9D8875CA3EAC}.Debug|x64.Deploy.0 = Debug|Any CPU
		{5EFA212C-38D0-4334-9121-9D8875CA3EAC}.Debug|x86.ActiveCfg = Debug|Any CPU
		{5EFA212C-38D0-4334-9121-9D8875CA3EAC}.Debug|x86.Build.0 = Debug|Any CPU
		{5EFA212C-38D0-4334-9121-9D8875CA3EAC}.Debug|x86.Deploy.0 = Debug|Any CPU
		{5EFA212C-38D0-4334-9121-9D8875CA3EAC}.Release|Any CPU.ActiveCfg = Release|Any CPU
		{5EFA212C-38D0-4334-9121-9D8875CA3EAC}.Release|Any CPU.Build.0 = Release|Any CPU
		{5EFA212C-38D0-4334-9121-9D8875CA3EAC}.Release|Any CPU.Deploy.0 = Release|Any CPU
		{5EFA212C-38D0-4334-9121-9D8875CA3EAC}.Release|ARM.ActiveCfg = Release|Any CPU
		{5EFA212C-38D0-4334-9121-9D8875CA3EAC}.Release|ARM.Build.0 = Release|Any CPU
		{5EFA212C-38D0-4334-9121-9D8875CA3EAC}.Release|ARM.Deploy.0 = Release|Any CPU
		{5EFA212C-38D0-4334-9121-9D8875CA3EAC}.Release|iPhone.ActiveCfg = Release|Any CPU
		{5EFA212C-38D0-4334-9121-9D8875CA3EAC}.Release|iPhone.Build.0 = Release|Any CPU
		{5EFA212C-38D0-4334-9121-9D8875CA3EAC}.Release|iPhone.Deploy.0 = Release|Any CPU
		{5EFA212C-38D0-4334-9121-9D8875CA3EAC}.Release|iPhoneSimulator.ActiveCfg = Release|Any CPU
		{5EFA212C-38D0-4334-9121-9D8875CA3EAC}.Release|iPhoneSimulator.Build.0 = Release|Any CPU
		{5EFA212C-38D0-4334-9121-9D8875CA3EAC}.Release|iPhoneSimulator.Deploy.0 = Release|Any CPU
		{5EFA212C-38D0-4334-9121-9D8875CA3EAC}.Release|x64.ActiveCfg = Release|Any CPU
		{5EFA212C-38D0-4334-9121-9D8875CA3EAC}.Release|x64.Build.0 = Release|Any CPU
		{5EFA212C-38D0-4334-9121-9D8875CA3EAC}.Release|x64.Deploy.0 = Release|Any CPU
		{5EFA212C-38D0-4334-9121-9D8875CA3EAC}.Release|x86.ActiveCfg = Release|Any CPU
		{5EFA212C-38D0-4334-9121-9D8875CA3EAC}.Release|x86.Build.0 = Release|Any CPU
		{5EFA212C-38D0-4334-9121-9D8875CA3EAC}.Release|x86.Deploy.0 = Release|Any CPU
		{C6125BE6-09B5-4E5F-99D4-33FADB22D6D1}.Ad-Hoc|Any CPU.ActiveCfg = Ad-Hoc|iPhone
		{C6125BE6-09B5-4E5F-99D4-33FADB22D6D1}.Ad-Hoc|Any CPU.Build.0 = Ad-Hoc|iPhone
		{C6125BE6-09B5-4E5F-99D4-33FADB22D6D1}.Ad-Hoc|Any CPU.Deploy.0 = Ad-Hoc|iPhone
		{C6125BE6-09B5-4E5F-99D4-33FADB22D6D1}.Ad-Hoc|ARM.ActiveCfg = Ad-Hoc|iPhone
		{C6125BE6-09B5-4E5F-99D4-33FADB22D6D1}.Ad-Hoc|ARM.Build.0 = Ad-Hoc|iPhone
		{C6125BE6-09B5-4E5F-99D4-33FADB22D6D1}.Ad-Hoc|ARM.Deploy.0 = Ad-Hoc|iPhone
		{C6125BE6-09B5-4E5F-99D4-33FADB22D6D1}.Ad-Hoc|iPhone.ActiveCfg = Ad-Hoc|iPhone
		{C6125BE6-09B5-4E5F-99D4-33FADB22D6D1}.Ad-Hoc|iPhone.Build.0 = Ad-Hoc|iPhone
		{C6125BE6-09B5-4E5F-99D4-33FADB22D6D1}.Ad-Hoc|iPhone.Deploy.0 = Ad-Hoc|iPhone
		{C6125BE6-09B5-4E5F-99D4-33FADB22D6D1}.Ad-Hoc|iPhoneSimulator.ActiveCfg = Ad-Hoc|iPhoneSimulator
		{C6125BE6-09B5-4E5F-99D4-33FADB22D6D1}.Ad-Hoc|iPhoneSimulator.Build.0 = Ad-Hoc|iPhoneSimulator
		{C6125BE6-09B5-4E5F-99D4-33FADB22D6D1}.Ad-Hoc|iPhoneSimulator.Deploy.0 = Ad-Hoc|iPhoneSimulator
		{C6125BE6-09B5-4E5F-99D4-33FADB22D6D1}.Ad-Hoc|x64.ActiveCfg = Ad-Hoc|iPhone
		{C6125BE6-09B5-4E5F-99D4-33FADB22D6D1}.Ad-Hoc|x64.Build.0 = Ad-Hoc|iPhone
		{C6125BE6-09B5-4E5F-99D4-33FADB22D6D1}.Ad-Hoc|x64.Deploy.0 = Ad-Hoc|iPhone
		{C6125BE6-09B5-4E5F-99D4-33FADB22D6D1}.Ad-Hoc|x86.ActiveCfg = Ad-Hoc|iPhone
		{C6125BE6-09B5-4E5F-99D4-33FADB22D6D1}.Ad-Hoc|x86.Build.0 = Ad-Hoc|iPhone
		{C6125BE6-09B5-4E5F-99D4-33FADB22D6D1}.Ad-Hoc|x86.Deploy.0 = Ad-Hoc|iPhone
		{C6125BE6-09B5-4E5F-99D4-33FADB22D6D1}.AppStore|Any CPU.ActiveCfg = AppStore|iPhone
		{C6125BE6-09B5-4E5F-99D4-33FADB22D6D1}.AppStore|Any CPU.Build.0 = AppStore|iPhone
		{C6125BE6-09B5-4E5F-99D4-33FADB22D6D1}.AppStore|Any CPU.Deploy.0 = AppStore|iPhone
		{C6125BE6-09B5-4E5F-99D4-33FADB22D6D1}.AppStore|ARM.ActiveCfg = AppStore|iPhone
		{C6125BE6-09B5-4E5F-99D4-33FADB22D6D1}.AppStore|ARM.Build.0 = AppStore|iPhone
		{C6125BE6-09B5-4E5F-99D4-33FADB22D6D1}.AppStore|ARM.Deploy.0 = AppStore|iPhone
		{C6125BE6-09B5-4E5F-99D4-33FADB22D6D1}.AppStore|iPhone.ActiveCfg = AppStore|iPhone
		{C6125BE6-09B5-4E5F-99D4-33FADB22D6D1}.AppStore|iPhone.Build.0 = AppStore|iPhone
		{C6125BE6-09B5-4E5F-99D4-33FADB22D6D1}.AppStore|iPhone.Deploy.0 = AppStore|iPhone
		{C6125BE6-09B5-4E5F-99D4-33FADB22D6D1}.AppStore|iPhoneSimulator.ActiveCfg = AppStore|iPhoneSimulator
		{C6125BE6-09B5-4E5F-99D4-33FADB22D6D1}.AppStore|iPhoneSimulator.Build.0 = AppStore|iPhoneSimulator
		{C6125BE6-09B5-4E5F-99D4-33FADB22D6D1}.AppStore|iPhoneSimulator.Deploy.0 = AppStore|iPhoneSimulator
		{C6125BE6-09B5-4E5F-99D4-33FADB22D6D1}.AppStore|x64.ActiveCfg = AppStore|iPhone
		{C6125BE6-09B5-4E5F-99D4-33FADB22D6D1}.AppStore|x64.Build.0 = AppStore|iPhone
		{C6125BE6-09B5-4E5F-99D4-33FADB22D6D1}.AppStore|x64.Deploy.0 = AppStore|iPhone
		{C6125BE6-09B5-4E5F-99D4-33FADB22D6D1}.AppStore|x86.ActiveCfg = AppStore|iPhone
		{C6125BE6-09B5-4E5F-99D4-33FADB22D6D1}.AppStore|x86.Build.0 = AppStore|iPhone
		{C6125BE6-09B5-4E5F-99D4-33FADB22D6D1}.AppStore|x86.Deploy.0 = AppStore|iPhone
		{C6125BE6-09B5-4E5F-99D4-33FADB22D6D1}.Debug|Any CPU.ActiveCfg = Debug|iPhoneSimulator
		{C6125BE6-09B5-4E5F-99D4-33FADB22D6D1}.Debug|Any CPU.Build.0 = Debug|iPhoneSimulator
		{C6125BE6-09B5-4E5F-99D4-33FADB22D6D1}.Debug|Any CPU.Deploy.0 = Debug|iPhoneSimulator
		{C6125BE6-09B5-4E5F-99D4-33FADB22D6D1}.Debug|ARM.ActiveCfg = Debug|iPhone
		{C6125BE6-09B5-4E5F-99D4-33FADB22D6D1}.Debug|ARM.Build.0 = Debug|iPhone
		{C6125BE6-09B5-4E5F-99D4-33FADB22D6D1}.Debug|ARM.Deploy.0 = Debug|iPhone
		{C6125BE6-09B5-4E5F-99D4-33FADB22D6D1}.Debug|iPhone.ActiveCfg = Debug|iPhone
		{C6125BE6-09B5-4E5F-99D4-33FADB22D6D1}.Debug|iPhone.Build.0 = Debug|iPhone
		{C6125BE6-09B5-4E5F-99D4-33FADB22D6D1}.Debug|iPhone.Deploy.0 = Debug|iPhone
		{C6125BE6-09B5-4E5F-99D4-33FADB22D6D1}.Debug|iPhoneSimulator.ActiveCfg = Debug|iPhoneSimulator
		{C6125BE6-09B5-4E5F-99D4-33FADB22D6D1}.Debug|iPhoneSimulator.Build.0 = Debug|iPhoneSimulator
		{C6125BE6-09B5-4E5F-99D4-33FADB22D6D1}.Debug|iPhoneSimulator.Deploy.0 = Debug|iPhoneSimulator
		{C6125BE6-09B5-4E5F-99D4-33FADB22D6D1}.Debug|x64.ActiveCfg = Debug|iPhone
		{C6125BE6-09B5-4E5F-99D4-33FADB22D6D1}.Debug|x64.Build.0 = Debug|iPhone
		{C6125BE6-09B5-4E5F-99D4-33FADB22D6D1}.Debug|x64.Deploy.0 = Debug|iPhone
		{C6125BE6-09B5-4E5F-99D4-33FADB22D6D1}.Debug|x86.ActiveCfg = Debug|iPhone
		{C6125BE6-09B5-4E5F-99D4-33FADB22D6D1}.Debug|x86.Build.0 = Debug|iPhone
		{C6125BE6-09B5-4E5F-99D4-33FADB22D6D1}.Debug|x86.Deploy.0 = Debug|iPhone
		{C6125BE6-09B5-4E5F-99D4-33FADB22D6D1}.Release|Any CPU.ActiveCfg = Release|iPhone
		{C6125BE6-09B5-4E5F-99D4-33FADB22D6D1}.Release|Any CPU.Build.0 = Release|iPhone
		{C6125BE6-09B5-4E5F-99D4-33FADB22D6D1}.Release|Any CPU.Deploy.0 = Release|iPhone
		{C6125BE6-09B5-4E5F-99D4-33FADB22D6D1}.Release|ARM.ActiveCfg = Release|iPhone
		{C6125BE6-09B5-4E5F-99D4-33FADB22D6D1}.Release|ARM.Build.0 = Release|iPhone
		{C6125BE6-09B5-4E5F-99D4-33FADB22D6D1}.Release|ARM.Deploy.0 = Release|iPhone
		{C6125BE6-09B5-4E5F-99D4-33FADB22D6D1}.Release|iPhone.ActiveCfg = Release|iPhone
		{C6125BE6-09B5-4E5F-99D4-33FADB22D6D1}.Release|iPhone.Build.0 = Release|iPhone
		{C6125BE6-09B5-4E5F-99D4-33FADB22D6D1}.Release|iPhone.Deploy.0 = Release|iPhone
		{C6125BE6-09B5-4E5F-99D4-33FADB22D6D1}.Release|iPhoneSimulator.ActiveCfg = Release|iPhoneSimulator
		{C6125BE6-09B5-4E5F-99D4-33FADB22D6D1}.Release|iPhoneSimulator.Build.0 = Release|iPhoneSimulator
		{C6125BE6-09B5-4E5F-99D4-33FADB22D6D1}.Release|iPhoneSimulator.Deploy.0 = Release|iPhoneSimulator
		{C6125BE6-09B5-4E5F-99D4-33FADB22D6D1}.Release|x64.ActiveCfg = Release|iPhone
		{C6125BE6-09B5-4E5F-99D4-33FADB22D6D1}.Release|x64.Build.0 = Release|iPhone
		{C6125BE6-09B5-4E5F-99D4-33FADB22D6D1}.Release|x64.Deploy.0 = Release|iPhone
		{C6125BE6-09B5-4E5F-99D4-33FADB22D6D1}.Release|x86.ActiveCfg = Release|iPhone
		{C6125BE6-09B5-4E5F-99D4-33FADB22D6D1}.Release|x86.Build.0 = Release|iPhone
		{C6125BE6-09B5-4E5F-99D4-33FADB22D6D1}.Release|x86.Deploy.0 = Release|iPhone
		{6D3BD037-3E7C-4411-8C34-3D68B3788B45}.Ad-Hoc|Any CPU.ActiveCfg = Release|x86
		{6D3BD037-3E7C-4411-8C34-3D68B3788B45}.Ad-Hoc|Any CPU.Build.0 = Release|x86
		{6D3BD037-3E7C-4411-8C34-3D68B3788B45}.Ad-Hoc|Any CPU.Deploy.0 = Release|x86
		{6D3BD037-3E7C-4411-8C34-3D68B3788B45}.Ad-Hoc|ARM.ActiveCfg = Release|ARM
		{6D3BD037-3E7C-4411-8C34-3D68B3788B45}.Ad-Hoc|ARM.Build.0 = Release|ARM
		{6D3BD037-3E7C-4411-8C34-3D68B3788B45}.Ad-Hoc|ARM.Deploy.0 = Release|ARM
		{6D3BD037-3E7C-4411-8C34-3D68B3788B45}.Ad-Hoc|iPhone.ActiveCfg = Release|x86
		{6D3BD037-3E7C-4411-8C34-3D68B3788B45}.Ad-Hoc|iPhone.Build.0 = Release|x86
		{6D3BD037-3E7C-4411-8C34-3D68B3788B45}.Ad-Hoc|iPhone.Deploy.0 = Release|x86
		{6D3BD037-3E7C-4411-8C34-3D68B3788B45}.Ad-Hoc|iPhoneSimulator.ActiveCfg = Release|x86
		{6D3BD037-3E7C-4411-8C34-3D68B3788B45}.Ad-Hoc|iPhoneSimulator.Build.0 = Release|x86
		{6D3BD037-3E7C-4411-8C34-3D68B3788B45}.Ad-Hoc|iPhoneSimulator.Deploy.0 = Release|x86
		{6D3BD037-3E7C-4411-8C34-3D68B3788B45}.Ad-Hoc|x64.ActiveCfg = Release|x64
		{6D3BD037-3E7C-4411-8C34-3D68B3788B45}.Ad-Hoc|x64.Build.0 = Release|x64
		{6D3BD037-3E7C-4411-8C34-3D68B3788B45}.Ad-Hoc|x64.Deploy.0 = Release|x64
		{6D3BD037-3E7C-4411-8C34-3D68B3788B45}.Ad-Hoc|x86.ActiveCfg = Release|x86
		{6D3BD037-3E7C-4411-8C34-3D68B3788B45}.Ad-Hoc|x86.Build.0 = Release|x86
		{6D3BD037-3E7C-4411-8C34-3D68B3788B45}.Ad-Hoc|x86.Deploy.0 = Release|x86
		{6D3BD037-3E7C-4411-8C34-3D68B3788B45}.AppStore|Any CPU.ActiveCfg = Release|x86
		{6D3BD037-3E7C-4411-8C34-3D68B3788B45}.AppStore|Any CPU.Build.0 = Release|x86
		{6D3BD037-3E7C-4411-8C34-3D68B3788B45}.AppStore|Any CPU.Deploy.0 = Release|x86
		{6D3BD037-3E7C-4411-8C34-3D68B3788B45}.AppStore|ARM.ActiveCfg = Release|ARM
		{6D3BD037-3E7C-4411-8C34-3D68B3788B45}.AppStore|ARM.Build.0 = Release|ARM
		{6D3BD037-3E7C-4411-8C34-3D68B3788B45}.AppStore|ARM.Deploy.0 = Release|ARM
		{6D3BD037-3E7C-4411-8C34-3D68B3788B45}.AppStore|iPhone.ActiveCfg = Release|x86
		{6D3BD037-3E7C-4411-8C34-3D68B3788B45}.AppStore|iPhone.Build.0 = Release|x86
		{6D3BD037-3E7C-4411-8C34-3D68B3788B45}.AppStore|iPhone.Deploy.0 = Release|x86
		{6D3BD037-3E7C-4411-8C34-3D68B3788B45}.AppStore|iPhoneSimulator.ActiveCfg = Release|x86
		{6D3BD037-3E7C-4411-8C34-3D68B3788B45}.AppStore|iPhoneSimulator.Build.0 = Release|x86
		{6D3BD037-3E7C-4411-8C34-3D68B3788B45}.AppStore|iPhoneSimulator.Deploy.0 = Release|x86
		{6D3BD037-3E7C-4411-8C34-3D68B3788B45}.AppStore|x64.ActiveCfg = Release|x64
		{6D3BD037-3E7C-4411-8C34-3D68B3788B45}.AppStore|x64.Build.0 = Release|x64
		{6D3BD037-3E7C-4411-8C34-3D68B3788B45}.AppStore|x64.Deploy.0 = Release|x64
		{6D3BD037-3E7C-4411-8C34-3D68B3788B45}.AppStore|x86.ActiveCfg = Release|x86
		{6D3BD037-3E7C-4411-8C34-3D68B3788B45}.AppStore|x86.Build.0 = Release|x86
		{6D3BD037-3E7C-4411-8C34-3D68B3788B45}.AppStore|x86.Deploy.0 = Release|x86
		{6D3BD037-3E7C-4411-8C34-3D68B3788B45}.Debug|Any CPU.ActiveCfg = Debug|x86
		{6D3BD037-3E7C-4411-8C34-3D68B3788B45}.Debug|Any CPU.Build.0 = Debug|x86
		{6D3BD037-3E7C-4411-8C34-3D68B3788B45}.Debug|Any CPU.Deploy.0 = Debug|x86
		{6D3BD037-3E7C-4411-8C34-3D68B3788B45}.Debug|ARM.ActiveCfg = Debug|ARM
		{6D3BD037-3E7C-4411-8C34-3D68B3788B45}.Debug|ARM.Build.0 = Debug|ARM
		{6D3BD037-3E7C-4411-8C34-3D68B3788B45}.Debug|ARM.Deploy.0 = Debug|ARM
		{6D3BD037-3E7C-4411-8C34-3D68B3788B45}.Debug|iPhone.ActiveCfg = Debug|x86
		{6D3BD037-3E7C-4411-8C34-3D68B3788B45}.Debug|iPhone.Build.0 = Debug|x86
		{6D3BD037-3E7C-4411-8C34-3D68B3788B45}.Debug|iPhone.Deploy.0 = Debug|x86
		{6D3BD037-3E7C-4411-8C34-3D68B3788B45}.Debug|iPhoneSimulator.ActiveCfg = Debug|x86
		{6D3BD037-3E7C-4411-8C34-3D68B3788B45}.Debug|iPhoneSimulator.Build.0 = Debug|x86
		{6D3BD037-3E7C-4411-8C34-3D68B3788B45}.Debug|iPhoneSimulator.Deploy.0 = Debug|x86
		{6D3BD037-3E7C-4411-8C34-3D68B3788B45}.Debug|x64.ActiveCfg = Debug|x64
		{6D3BD037-3E7C-4411-8C34-3D68B3788B45}.Debug|x64.Build.0 = Debug|x64
		{6D3BD037-3E7C-4411-8C34-3D68B3788B45}.Debug|x64.Deploy.0 = Debug|x64
		{6D3BD037-3E7C-4411-8C34-3D68B3788B45}.Debug|x86.ActiveCfg = Debug|x86
		{6D3BD037-3E7C-4411-8C34-3D68B3788B45}.Debug|x86.Build.0 = Debug|x86
		{6D3BD037-3E7C-4411-8C34-3D68B3788B45}.Debug|x86.Deploy.0 = Debug|x86
		{6D3BD037-3E7C-4411-8C34-3D68B3788B45}.Release|Any CPU.ActiveCfg = Release|x86
		{6D3BD037-3E7C-4411-8C34-3D68B3788B45}.Release|Any CPU.Build.0 = Release|x86
		{6D3BD037-3E7C-4411-8C34-3D68B3788B45}.Release|Any CPU.Deploy.0 = Release|x86
		{6D3BD037-3E7C-4411-8C34-3D68B3788B45}.Release|ARM.ActiveCfg = Release|ARM
		{6D3BD037-3E7C-4411-8C34-3D68B3788B45}.Release|ARM.Build.0 = Release|ARM
		{6D3BD037-3E7C-4411-8C34-3D68B3788B45}.Release|ARM.Deploy.0 = Release|ARM
		{6D3BD037-3E7C-4411-8C34-3D68B3788B45}.Release|iPhone.ActiveCfg = Release|x86
		{6D3BD037-3E7C-4411-8C34-3D68B3788B45}.Release|iPhone.Build.0 = Release|x86
		{6D3BD037-3E7C-4411-8C34-3D68B3788B45}.Release|iPhone.Deploy.0 = Release|x86
		{6D3BD037-3E7C-4411-8C34-3D68B3788B45}.Release|iPhoneSimulator.ActiveCfg = Release|x86
		{6D3BD037-3E7C-4411-8C34-3D68B3788B45}.Release|iPhoneSimulator.Build.0 = Release|x86
		{6D3BD037-3E7C-4411-8C34-3D68B3788B45}.Release|iPhoneSimulator.Deploy.0 = Release|x86
		{6D3BD037-3E7C-4411-8C34-3D68B3788B45}.Release|x64.ActiveCfg = Release|x64
		{6D3BD037-3E7C-4411-8C34-3D68B3788B45}.Release|x64.Build.0 = Release|x64
		{6D3BD037-3E7C-4411-8C34-3D68B3788B45}.Release|x64.Deploy.0 = Release|x64
		{6D3BD037-3E7C-4411-8C34-3D68B3788B45}.Release|x86.ActiveCfg = Release|x86
		{6D3BD037-3E7C-4411-8C34-3D68B3788B45}.Release|x86.Build.0 = Release|x86
		{6D3BD037-3E7C-4411-8C34-3D68B3788B45}.Release|x86.Deploy.0 = Release|x86
		{3A24923C-3CE0-47EC-9A65-505C2EC04779}.Ad-Hoc|Any CPU.ActiveCfg = Debug|Any CPU
		{3A24923C-3CE0-47EC-9A65-505C2EC04779}.Ad-Hoc|Any CPU.Build.0 = Debug|Any CPU
		{3A24923C-3CE0-47EC-9A65-505C2EC04779}.Ad-Hoc|Any CPU.Deploy.0 = Debug|Any CPU
		{3A24923C-3CE0-47EC-9A65-505C2EC04779}.Ad-Hoc|ARM.ActiveCfg = Debug|Any CPU
		{3A24923C-3CE0-47EC-9A65-505C2EC04779}.Ad-Hoc|ARM.Build.0 = Debug|Any CPU
		{3A24923C-3CE0-47EC-9A65-505C2EC04779}.Ad-Hoc|ARM.Deploy.0 = Debug|Any CPU
		{3A24923C-3CE0-47EC-9A65-505C2EC04779}.Ad-Hoc|iPhone.ActiveCfg = Debug|Any CPU
		{3A24923C-3CE0-47EC-9A65-505C2EC04779}.Ad-Hoc|iPhone.Build.0 = Debug|Any CPU
		{3A24923C-3CE0-47EC-9A65-505C2EC04779}.Ad-Hoc|iPhone.Deploy.0 = Debug|Any CPU
		{3A24923C-3CE0-47EC-9A65-505C2EC04779}.Ad-Hoc|iPhoneSimulator.ActiveCfg = Debug|Any CPU
		{3A24923C-3CE0-47EC-9A65-505C2EC04779}.Ad-Hoc|iPhoneSimulator.Build.0 = Debug|Any CPU
		{3A24923C-3CE0-47EC-9A65-505C2EC04779}.Ad-Hoc|iPhoneSimulator.Deploy.0 = Debug|Any CPU
		{3A24923C-3CE0-47EC-9A65-505C2EC04779}.Ad-Hoc|x64.ActiveCfg = Debug|Any CPU
		{3A24923C-3CE0-47EC-9A65-505C2EC04779}.Ad-Hoc|x64.Build.0 = Debug|Any CPU
		{3A24923C-3CE0-47EC-9A65-505C2EC04779}.Ad-Hoc|x64.Deploy.0 = Debug|Any CPU
		{3A24923C-3CE0-47EC-9A65-505C2EC04779}.Ad-Hoc|x86.ActiveCfg = Debug|Any CPU
		{3A24923C-3CE0-47EC-9A65-505C2EC04779}.Ad-Hoc|x86.Build.0 = Debug|Any CPU
		{3A24923C-3CE0-47EC-9A65-505C2EC04779}.Ad-Hoc|x86.Deploy.0 = Debug|Any CPU
		{3A24923C-3CE0-47EC-9A65-505C2EC04779}.AppStore|Any CPU.ActiveCfg = Debug|Any CPU
		{3A24923C-3CE0-47EC-9A65-505C2EC04779}.AppStore|Any CPU.Build.0 = Debug|Any CPU
		{3A24923C-3CE0-47EC-9A65-505C2EC04779}.AppStore|Any CPU.Deploy.0 = Debug|Any CPU
		{3A24923C-3CE0-47EC-9A65-505C2EC04779}.AppStore|ARM.ActiveCfg = Debug|Any CPU
		{3A24923C-3CE0-47EC-9A65-505C2EC04779}.AppStore|ARM.Build.0 = Debug|Any CPU
		{3A24923C-3CE0-47EC-9A65-505C2EC04779}.AppStore|ARM.Deploy.0 = Debug|Any CPU
		{3A24923C-3CE0-47EC-9A65-505C2EC04779}.AppStore|iPhone.ActiveCfg = Debug|Any CPU
		{3A24923C-3CE0-47EC-9A65-505C2EC04779}.AppStore|iPhone.Build.0 = Debug|Any CPU
		{3A24923C-3CE0-47EC-9A65-505C2EC04779}.AppStore|iPhone.Deploy.0 = Debug|Any CPU
		{3A24923C-3CE0-47EC-9A65-505C2EC04779}.AppStore|iPhoneSimulator.ActiveCfg = Debug|Any CPU
		{3A24923C-3CE0-47EC-9A65-505C2EC04779}.AppStore|iPhoneSimulator.Build.0 = Debug|Any CPU
		{3A24923C-3CE0-47EC-9A65-505C2EC04779}.AppStore|iPhoneSimulator.Deploy.0 = Debug|Any CPU
		{3A24923C-3CE0-47EC-9A65-505C2EC04779}.AppStore|x64.ActiveCfg = Debug|Any CPU
		{3A24923C-3CE0-47EC-9A65-505C2EC04779}.AppStore|x64.Build.0 = Debug|Any CPU
		{3A24923C-3CE0-47EC-9A65-505C2EC04779}.AppStore|x64.Deploy.0 = Debug|Any CPU
		{3A24923C-3CE0-47EC-9A65-505C2EC04779}.AppStore|x86.ActiveCfg = Debug|Any CPU
		{3A24923C-3CE0-47EC-9A65-505C2EC04779}.AppStore|x86.Build.0 = Debug|Any CPU
		{3A24923C-3CE0-47EC-9A65-505C2EC04779}.AppStore|x86.Deploy.0 = Debug|Any CPU
		{3A24923C-3CE0-47EC-9A65-505C2EC04779}.Debug|Any CPU.ActiveCfg = Debug|Any CPU
		{3A24923C-3CE0-47EC-9A65-505C2EC04779}.Debug|Any CPU.Build.0 = Debug|Any CPU
		{3A24923C-3CE0-47EC-9A65-505C2EC04779}.Debug|Any CPU.Deploy.0 = Debug|Any CPU
		{3A24923C-3CE0-47EC-9A65-505C2EC04779}.Debug|ARM.ActiveCfg = Debug|Any CPU
		{3A24923C-3CE0-47EC-9A65-505C2EC04779}.Debug|ARM.Build.0 = Debug|Any CPU
		{3A24923C-3CE0-47EC-9A65-505C2EC04779}.Debug|ARM.Deploy.0 = Debug|Any CPU
		{3A24923C-3CE0-47EC-9A65-505C2EC04779}.Debug|iPhone.ActiveCfg = Debug|Any CPU
		{3A24923C-3CE0-47EC-9A65-505C2EC04779}.Debug|iPhone.Build.0 = Debug|Any CPU
		{3A24923C-3CE0-47EC-9A65-505C2EC04779}.Debug|iPhone.Deploy.0 = Debug|Any CPU
		{3A24923C-3CE0-47EC-9A65-505C2EC04779}.Debug|iPhoneSimulator.ActiveCfg = Debug|Any CPU
		{3A24923C-3CE0-47EC-9A65-505C2EC04779}.Debug|iPhoneSimulator.Build.0 = Debug|Any CPU
		{3A24923C-3CE0-47EC-9A65-505C2EC04779}.Debug|iPhoneSimulator.Deploy.0 = Debug|Any CPU
		{3A24923C-3CE0-47EC-9A65-505C2EC04779}.Debug|x64.ActiveCfg = Debug|Any CPU
		{3A24923C-3CE0-47EC-9A65-505C2EC04779}.Debug|x64.Build.0 = Debug|Any CPU
		{3A24923C-3CE0-47EC-9A65-505C2EC04779}.Debug|x64.Deploy.0 = Debug|Any CPU
		{3A24923C-3CE0-47EC-9A65-505C2EC04779}.Debug|x86.ActiveCfg = Debug|Any CPU
		{3A24923C-3CE0-47EC-9A65-505C2EC04779}.Debug|x86.Build.0 = Debug|Any CPU
		{3A24923C-3CE0-47EC-9A65-505C2EC04779}.Debug|x86.Deploy.0 = Debug|Any CPU
		{3A24923C-3CE0-47EC-9A65-505C2EC04779}.Release|Any CPU.ActiveCfg = Release|Any CPU
		{3A24923C-3CE0-47EC-9A65-505C2EC04779}.Release|Any CPU.Build.0 = Release|Any CPU
		{3A24923C-3CE0-47EC-9A65-505C2EC04779}.Release|Any CPU.Deploy.0 = Release|Any CPU
		{3A24923C-3CE0-47EC-9A65-505C2EC04779}.Release|ARM.ActiveCfg = Release|Any CPU
		{3A24923C-3CE0-47EC-9A65-505C2EC04779}.Release|ARM.Build.0 = Release|Any CPU
		{3A24923C-3CE0-47EC-9A65-505C2EC04779}.Release|ARM.Deploy.0 = Release|Any CPU
		{3A24923C-3CE0-47EC-9A65-505C2EC04779}.Release|iPhone.ActiveCfg = Release|Any CPU
		{3A24923C-3CE0-47EC-9A65-505C2EC04779}.Release|iPhone.Build.0 = Release|Any CPU
		{3A24923C-3CE0-47EC-9A65-505C2EC04779}.Release|iPhone.Deploy.0 = Release|Any CPU
		{3A24923C-3CE0-47EC-9A65-505C2EC04779}.Release|iPhoneSimulator.ActiveCfg = Release|Any CPU
		{3A24923C-3CE0-47EC-9A65-505C2EC04779}.Release|iPhoneSimulator.Build.0 = Release|Any CPU
		{3A24923C-3CE0-47EC-9A65-505C2EC04779}.Release|iPhoneSimulator.Deploy.0 = Release|Any CPU
		{3A24923C-3CE0-47EC-9A65-505C2EC04779}.Release|x64.ActiveCfg = Release|Any CPU
		{3A24923C-3CE0-47EC-9A65-505C2EC04779}.Release|x64.Build.0 = Release|Any CPU
		{3A24923C-3CE0-47EC-9A65-505C2EC04779}.Release|x64.Deploy.0 = Release|Any CPU
		{3A24923C-3CE0-47EC-9A65-505C2EC04779}.Release|x86.ActiveCfg = Release|Any CPU
		{3A24923C-3CE0-47EC-9A65-505C2EC04779}.Release|x86.Build.0 = Release|Any CPU
		{3A24923C-3CE0-47EC-9A65-505C2EC04779}.Release|x86.Deploy.0 = Release|Any CPU
	EndGlobalSection
	GlobalSection(SolutionProperties) = preSolution
		HideSolutionNode = FALSE
	EndGlobalSection
	GlobalSection(ExtensibilityGlobals) = postSolution
		SolutionGuid = {98E04700-DAE5-4284-BED0-81D085908FC8}
	EndGlobalSection
EndGlobal
